
Microsoft Visual Studio Solution File, Format Version 12.00
# Visual Studio 2012
Project("{8BC9CEB8-8B4A-11D0-8D11-00A0C91BC942}") = "MySuperServer", "MySuperServer.vcxproj", "{179EAE61-81F9-4323-B859-33D9DF0E3237}"
EndProject
Global
	GlobalSection(SolutionConfigurationPlatforms) = preSolution
		Debug|Win32 = Debug|Win32
		Release|Win32 = Release|Win32
	EndGlobalSection
	GlobalSection(ProjectConfigurationPlatforms) = postSolution
		{179EAE61-81F9-4323-B859-33D9DF0E3237}.Debug|Win32.ActiveCfg = Debug|Win32
		{179EAE61-81F9-4323-B859-33D9DF0E3237}.Debug|Win32.Build.0 = Debug|Win32
		{179EAE61-81F9-4323-B859-33D9DF0E3237}.Release|Win32.ActiveCfg = Release|Win32
		{179EAE61-81F9-4323-B859-33D9DF0E3237}.Release|Win32.Build.0 = Release|Win32
	EndGlobalSection
	GlobalSection(SolutionProperties) = preSolution
		HideSolutionNode = FALSE
	EndGlobalSection
EndGlobal
